<?xml version="1.0" encoding="utf-8"?>
<Project ToolsVersion="4.0" xmlns="http://schemas.microsoft.com/developer/msbuild/2003">
  <ItemGroup>
    <ClCompile Include="src\fonts\font8.c" />
    <ClCompile Include="src\fonts\font12.c" />
    <ClCompile Include="src\fonts\font12CN.c" />
    <ClCompile Include="src\fonts\font16.c" />
    <ClCompile Include="src\fonts\font20.c" />
    <ClCompile Include="src\fonts\font24.c" />
    <ClCompile Include="src\fonts\font24CN.c" />
    <ClCompile Include="src\controller\Color.cpp" />
    <ClCompile Include="src\controller\Display.cpp" />
    <ClCompile Include="src\controller\Image.cpp" />
    <ClCompile Include="src\controller\Metadata.cpp" />
    <ClCompile Include="src\displays\DisplayST7789.cpp" />
    <ClCompile Include="src\displays\DisplayST7735R.cpp" />
    <ClCompile Include="src\controller\IdGenerator.cpp" />
    <ClCompile Include="example\2displays.cpp" />
  </ItemGroup>
  <ItemGroup>
    <ClInclude Include="src\fonts\fonts.h" />
    <ClInclude Include="src\controller\Color.h" />
    <ClInclude Include="src\controller\Display.h" />
    <ClInclude Include="src\controller\Image.h" />
    <ClInclude Include="src\controller\inttypes.h" />
    <ClInclude Include="src\controller\Metadata.h" />
    <ClInclude Include="src\displays\DisplayST7789.h" />
    <ClInclude Include="src\displays\DisplayST7735R.h" />
    <ClInclude Include="src\controller\IdGenerator.h" />
    <ClInclude Include="src\bmp\GUI_BMPfile.h" />
  </ItemGroup>
  <ItemGroup>
    <None Include="src\fonts\Release_Notes.html" />
    <None Include="README.md" />
  </ItemGroup>
  <ItemGroup>
    <Image Include="images\BlueAngle4-320x240.bmp" />
    <Image Include="images\MotorBike-128x128.bmp" />
    <Image Include="images\MotorBike.png" />
    <Image Include="images\BlueAngles3.png" />
    <Image Include="images\BlueAngles4.png" />
    <Image Include="images\BlueAngles5.png" />
  </ItemGroup>
</Project>