<?xml version="1.0" encoding="utf-8"?>
<Project ToolsVersion="4.0" xmlns="http://schemas.microsoft.com/developer/msbuild/2003">
  <ItemGroup>
    <ClCompile Include="example\main.cpp" />
    <ClCompile Include="src\Display.cpp" />
    <ClCompile Include="src\Color.cpp" />
    <ClCompile Include="src\Image.cpp" />
    <ClCompile Include="src\fonts\font8.c" />
    <ClCompile Include="src\fonts\font12.c" />
    <ClCompile Include="src\fonts\font12CN.c" />
    <ClCompile Include="src\fonts\font16.c" />
    <ClCompile Include="src\fonts\font20.c" />
    <ClCompile Include="src\fonts\font24.c" />
    <ClCompile Include="src\fonts\font24CN.c" />
  </ItemGroup>
  <ItemGroup>
    <ClInclude Include="src\Display.h" />
    <ClInclude Include="src\Color.h" />
    <ClInclude Include="src\Image.h" />
    <ClInclude Include="src\inttypes.h" />
    <ClInclude Include="src\fonts\fonts.h" />
  </ItemGroup>
  <ItemGroup>
    <None Include="src\fonts\Release_Notes.html" />
  </ItemGroup>
</Project>